
Microsoft Visual Studio Solution File, Format Version 12.00
# Visual Studio Version 17
VisualStudioVersion = 17.5.002.0
MinimumVisualStudioVersion = 10.0.40219.1
Project("{9A19103F-16F7-4668-BE54-9A1E7A4F7556}") = "day01", "day01\day01.csproj", "{2FD85172-DCEB-455C-B4C4-7AC9F5943B8A}"
EndProject
Project("{FAE04EC0-301F-11D3-BF4B-00C04F79EFBC}") = "day02", "day02\day02.csproj", "{510B07FD-240F-457A-8BED-DE2A260B0620}"
EndProject
Project("{FAE04EC0-301F-11D3-BF4B-00C04F79EFBC}") = "day03", "day03\day03.csproj", "{9E0686A9-E608-4BC7-A613-8DAD3FB935B2}"
EndProject
Project("{FAE04EC0-301F-11D3-BF4B-00C04F79EFBC}") = "day04", "day04\day04.csproj", "{C339C38B-5AA9-484B-A8AF-97089C7344B6}"
EndProject
Project("{FAE04EC0-301F-11D3-BF4B-00C04F79EFBC}") = "day05", "day05\day05.csproj", "{9961E12F-8341-4169-8460-C93A76F53A04}"
EndProject
Global
	GlobalSection(SolutionConfigurationPlatforms) = preSolution
		Debug|Any CPU = Debug|Any CPU
		Release|Any CPU = Release|Any CPU
	EndGlobalSection
	GlobalSection(ProjectConfigurationPlatforms) = postSolution
		{2FD85172-DCEB-455C-B4C4-7AC9F5943B8A}.Debug|Any CPU.ActiveCfg = Debug|Any CPU
		{2FD85172-DCEB-455C-B4C4-7AC9F5943B8A}.Debug|Any CPU.Build.0 = Debug|Any CPU
		{2FD85172-DCEB-455C-B4C4-7AC9F5943B8A}.Release|Any CPU.ActiveCfg = Release|Any CPU
		{2FD85172-DCEB-455C-B4C4-7AC9F5943B8A}.Release|Any CPU.Build.0 = Release|Any CPU
		{510B07FD-240F-457A-8BED-DE2A260B0620}.Debug|Any CPU.ActiveCfg = Debug|Any CPU
		{510B07FD-240F-457A-8BED-DE2A260B0620}.Debug|Any CPU.Build.0 = Debug|Any CPU
		{510B07FD-240F-457A-8BED-DE2A260B0620}.Release|Any CPU.ActiveCfg = Release|Any CPU
		{510B07FD-240F-457A-8BED-DE2A260B0620}.Release|Any CPU.Build.0 = Release|Any CPU
		{9E0686A9-E608-4BC7-A613-8DAD3FB935B2}.Debug|Any CPU.ActiveCfg = Debug|Any CPU
		{9E0686A9-E608-4BC7-A613-8DAD3FB935B2}.Debug|Any CPU.Build.0 = Debug|Any CPU
		{9E0686A9-E608-4BC7-A613-8DAD3FB935B2}.Release|Any CPU.ActiveCfg = Release|Any CPU
		{9E0686A9-E608-4BC7-A613-8DAD3FB935B2}.Release|Any CPU.Build.0 = Release|Any CPU
		{C339C38B-5AA9-484B-A8AF-97089C7344B6}.Debug|Any CPU.ActiveCfg = Debug|Any CPU
		{C339C38B-5AA9-484B-A8AF-97089C7344B6}.Debug|Any CPU.Build.0 = Debug|Any CPU
		{C339C38B-5AA9-484B-A8AF-97089C7344B6}.Release|Any CPU.ActiveCfg = Release|Any CPU
		{C339C38B-5AA9-484B-A8AF-97089C7344B6}.Release|Any CPU.Build.0 = Release|Any CPU
		{9961E12F-8341-4169-8460-C93A76F53A04}.Debug|Any CPU.ActiveCfg = Debug|Any CPU
		{9961E12F-8341-4169-8460-C93A76F53A04}.Debug|Any CPU.Build.0 = Debug|Any CPU
		{9961E12F-8341-4169-8460-C93A76F53A04}.Release|Any CPU.ActiveCfg = Release|Any CPU
		{9961E12F-8341-4169-8460-C93A76F53A04}.Release|Any CPU.Build.0 = Release|Any CPU
	EndGlobalSection
	GlobalSection(SolutionProperties) = preSolution
		HideSolutionNode = FALSE
	EndGlobalSection
	GlobalSection(ExtensibilityGlobals) = postSolution
		SolutionGuid = {B8C09E26-B2CA-48DC-A4DA-5A2E42DDD2BB}
	EndGlobalSection
EndGlobal
